{
  "name": "bs-promise-monad",
  "version": "0.4.3",
  "lockfileVersion": 2,
  "requires": true,
  "packages": {
    "": {
      "version": "0.4.3",
      "license": "MIT",
      "dependencies": {
        "bs-fetch": "^0.6"
      },
      "devDependencies": {
        "bs-platform": "^9.0.2"
      },
      "peerDependencies": {
        "bs-platform": "^9.0.2"
      }
    },
    "node_modules/bs-fetch": {
      "version": "0.6.2",
      "resolved": "https://registry.npmjs.org/bs-fetch/-/bs-fetch-0.6.2.tgz",
      "integrity": "sha512-VXEjp8kY3vHPckaoy3d96Bx0KYjJAPLNISBwfpwMN26K6DtuZYwI2HKhx7zeHBajz1bRArfx7O8OOLcdtujMvg=="
    },
    "node_modules/bs-platform": {
      "version": "9.0.2",
      "resolved": "https://registry.npmjs.org/bs-platform/-/bs-platform-9.0.2.tgz",
      "integrity": "sha512-Ye9JqJ4Oa7mcjjoOVRYI8Uc2Cf8N7jQLWDcdUplY7996d/YErSR7WitmV7XnSwr4EvdrbwjEsg1NxNjUQv3ChA==",
      "dev": true,
      "hasInstallScript": true,
      "bin": {
        "bsb": "bsb",
        "bsc": "bsc",
        "bsrefmt": "bsrefmt",
        "bstracing": "lib/bstracing"
      }
    }
  },
  "dependencies": {
    "bs-fetch": {
      "version": "0.6.2",
      "resolved": "https://registry.npmjs.org/bs-fetch/-/bs-fetch-0.6.2.tgz",
      "integrity": "sha512-VXEjp8kY3vHPckaoy3d96Bx0KYjJAPLNISBwfpwMN26K6DtuZYwI2HKhx7zeHBajz1bRArfx7O8OOLcdtujMvg=="
    },
    "bs-platform": {
      "version": "9.0.2",
      "resolved": "https://registry.npmjs.org/bs-platform/-/bs-platform-9.0.2.tgz",
      "integrity": "sha512-Ye9JqJ4Oa7mcjjoOVRYI8Uc2Cf8N7jQLWDcdUplY7996d/YErSR7WitmV7XnSwr4EvdrbwjEsg1NxNjUQv3ChA==",
      "dev": true
    }
  }
}
