{
  "name": "bs-promise-monad",
  "version": "0.2.9",
  "lockfileVersion": 1,
  "requires": true,
  "dependencies": {
    "bs-platform": {
      "version": "4.0.17",
      "resolved": "https://registry.npmjs.org/bs-platform/-/bs-platform-4.0.17.tgz",
      "integrity": "sha512-ypn2VEAmuVgX+ezKF9HXXzZ9Fe47UMPyt0x9MBBAF/C0Fus9wEIOdRD0gB4p3J9uLabB/MRWWuw7ORnP8w086g==",
      "dev": true
    },
    "bs-webapi": {
      "version": "0.9.1",
      "resolved": "https://registry.npmjs.org/bs-webapi/-/bs-webapi-0.9.1.tgz",
      "integrity": "sha512-7zAG86cSdBy3F0mpTa05sbTVgycRNpuO/xdXcvMra+5TxA47PQx6hOyOFlP7r8mse72YyeNloFAazZBFLGv8NQ=="
    },
    "install": {
      "version": "0.12.2",
      "resolved": "https://registry.npmjs.org/install/-/install-0.12.2.tgz",
      "integrity": "sha512-+7thTb4Rpvs9mnlhHKGZFJbGOO6kyMgy+gg0sgM5vFzIFK0wrCYXqdlaM71Bi289DTuPHf61puMFsaZBcwDIrg=="
    }
  }
}
